
Microsoft Visual Studio Solution File, Format Version 12.00
# Visual Studio Version 17
VisualStudioVersion = 17.3.32929.385
MinimumVisualStudioVersion = 10.0.40219.1
Project("{2150E333-8FDC-42A3-9474-1A3956D46DE8}") = "Solution Items", "Solution Items", "{29A92BF9-5E5F-4A4F-9D8D-4481DF34EA8C}"
	ProjectSection(SolutionItems) = preProject
		.editorconfig = .editorconfig
	EndProjectSection
EndProject
Project("{2150E333-8FDC-42A3-9474-1A3956D46DE8}") = "src", "src", "{A8941121-60B9-446E-9F48-3644F3E49835}"
EndProject
Project("{2150E333-8FDC-42A3-9474-1A3956D46DE8}") = "tests", "tests", "{84EEC7F3-E4D4-4736-8768-854D732A575D}"
EndProject
Project("{9A19103F-16F7-4668-BE54-9A1E7A4F7556}") = "Logistic.Models", "Logistic.Models\Logistic.Models.csproj", "{C7B75778-940C-4FA8-BDBD-CA29EA8185F4}"
EndProject
Project("{9A19103F-16F7-4668-BE54-9A1E7A4F7556}") = "Logistic.ClientApp", "Logistic.ClientApp\Logistic.ClientApp.csproj", "{12AD5E36-62B8-4C4A-A14C-E0678D700C56}"
EndProject
Project("{9A19103F-16F7-4668-BE54-9A1E7A4F7556}") = "Logistic.Core", "Logistic.Core\Logistic.Core.csproj", "{41CF73DE-873E-4C6D-B779-E54F8920835E}"
EndProject
Project("{9A19103F-16F7-4668-BE54-9A1E7A4F7556}") = "Logistic.DAL", "Logistic.DAL\Logistic.DAL.csproj", "{7E8AB7AD-FECC-4F87-ABD0-A8E57BFC648C}"
EndProject
Project("{9A19103F-16F7-4668-BE54-9A1E7A4F7556}") = "Logistic.Core.Tests", "Logistic.Core.Tests\Logistic.Core.Tests.csproj", "{BDD8289B-6243-4595-834F-8DD279E43D0A}"
EndProject
Project("{9A19103F-16F7-4668-BE54-9A1E7A4F7556}") = "Logistic.DAL.Tests", "Logistic.DAL.Tests\Logistic.DAL.Tests.csproj", "{BC079EBA-DD64-4CD1-B1F2-B160DEDA5679}"
EndProject
Project("{9A19103F-16F7-4668-BE54-9A1E7A4F7556}") = "Logistics.Wpf", "Logistic.WPF\Logistics.Wpf.csproj", "{2C8A5BFF-266E-45F3-9DEC-10C8867F79FF}"
EndProject
Global
	GlobalSection(SolutionConfigurationPlatforms) = preSolution
		Debug|Any CPU = Debug|Any CPU
		Release|Any CPU = Release|Any CPU
	EndGlobalSection
	GlobalSection(ProjectConfigurationPlatforms) = postSolution
		{C7B75778-940C-4FA8-BDBD-CA29EA8185F4}.Debug|Any CPU.ActiveCfg = Debug|Any CPU
		{C7B75778-940C-4FA8-BDBD-CA29EA8185F4}.Debug|Any CPU.Build.0 = Debug|Any CPU
		{C7B75778-940C-4FA8-BDBD-CA29EA8185F4}.Release|Any CPU.ActiveCfg = Release|Any CPU
		{C7B75778-940C-4FA8-BDBD-CA29EA8185F4}.Release|Any CPU.Build.0 = Release|Any CPU
		{12AD5E36-62B8-4C4A-A14C-E0678D700C56}.Debug|Any CPU.ActiveCfg = Debug|Any CPU
		{12AD5E36-62B8-4C4A-A14C-E0678D700C56}.Debug|Any CPU.Build.0 = Debug|Any CPU
		{12AD5E36-62B8-4C4A-A14C-E0678D700C56}.Release|Any CPU.ActiveCfg = Release|Any CPU
		{12AD5E36-62B8-4C4A-A14C-E0678D700C56}.Release|Any CPU.Build.0 = Release|Any CPU
		{41CF73DE-873E-4C6D-B779-E54F8920835E}.Debug|Any CPU.ActiveCfg = Debug|Any CPU
		{41CF73DE-873E-4C6D-B779-E54F8920835E}.Debug|Any CPU.Build.0 = Debug|Any CPU
		{41CF73DE-873E-4C6D-B779-E54F8920835E}.Release|Any CPU.ActiveCfg = Release|Any CPU
		{41CF73DE-873E-4C6D-B779-E54F8920835E}.Release|Any CPU.Build.0 = Release|Any CPU
		{7E8AB7AD-FECC-4F87-ABD0-A8E57BFC648C}.Debug|Any CPU.ActiveCfg = Debug|Any CPU
		{7E8AB7AD-FECC-4F87-ABD0-A8E57BFC648C}.Debug|Any CPU.Build.0 = Debug|Any CPU
		{7E8AB7AD-FECC-4F87-ABD0-A8E57BFC648C}.Release|Any CPU.ActiveCfg = Release|Any CPU
		{7E8AB7AD-FECC-4F87-ABD0-A8E57BFC648C}.Release|Any CPU.Build.0 = Release|Any CPU
		{BDD8289B-6243-4595-834F-8DD279E43D0A}.Debug|Any CPU.ActiveCfg = Debug|Any CPU
		{BDD8289B-6243-4595-834F-8DD279E43D0A}.Debug|Any CPU.Build.0 = Debug|Any CPU
		{BDD8289B-6243-4595-834F-8DD279E43D0A}.Release|Any CPU.ActiveCfg = Release|Any CPU
		{BDD8289B-6243-4595-834F-8DD279E43D0A}.Release|Any CPU.Build.0 = Release|Any CPU
		{BC079EBA-DD64-4CD1-B1F2-B160DEDA5679}.Debug|Any CPU.ActiveCfg = Debug|Any CPU
		{BC079EBA-DD64-4CD1-B1F2-B160DEDA5679}.Debug|Any CPU.Build.0 = Debug|Any CPU
		{BC079EBA-DD64-4CD1-B1F2-B160DEDA5679}.Release|Any CPU.ActiveCfg = Release|Any CPU
		{BC079EBA-DD64-4CD1-B1F2-B160DEDA5679}.Release|Any CPU.Build.0 = Release|Any CPU
		{2C8A5BFF-266E-45F3-9DEC-10C8867F79FF}.Debug|Any CPU.ActiveCfg = Debug|Any CPU
		{2C8A5BFF-266E-45F3-9DEC-10C8867F79FF}.Debug|Any CPU.Build.0 = Debug|Any CPU
		{2C8A5BFF-266E-45F3-9DEC-10C8867F79FF}.Release|Any CPU.ActiveCfg = Release|Any CPU
		{2C8A5BFF-266E-45F3-9DEC-10C8867F79FF}.Release|Any CPU.Build.0 = Release|Any CPU
	EndGlobalSection
	GlobalSection(SolutionProperties) = preSolution
		HideSolutionNode = FALSE
	EndGlobalSection
	GlobalSection(NestedProjects) = preSolution
		{C7B75778-940C-4FA8-BDBD-CA29EA8185F4} = {A8941121-60B9-446E-9F48-3644F3E49835}
		{12AD5E36-62B8-4C4A-A14C-E0678D700C56} = {A8941121-60B9-446E-9F48-3644F3E49835}
		{41CF73DE-873E-4C6D-B779-E54F8920835E} = {A8941121-60B9-446E-9F48-3644F3E49835}
		{7E8AB7AD-FECC-4F87-ABD0-A8E57BFC648C} = {A8941121-60B9-446E-9F48-3644F3E49835}
		{BDD8289B-6243-4595-834F-8DD279E43D0A} = {84EEC7F3-E4D4-4736-8768-854D732A575D}
		{BC079EBA-DD64-4CD1-B1F2-B160DEDA5679} = {84EEC7F3-E4D4-4736-8768-854D732A575D}
		{2C8A5BFF-266E-45F3-9DEC-10C8867F79FF} = {A8941121-60B9-446E-9F48-3644F3E49835}
	EndGlobalSection
	GlobalSection(ExtensibilityGlobals) = postSolution
		SolutionGuid = {7A1B339B-48CB-43D3-8CF4-AE468E59CDDB}
	EndGlobalSection
EndGlobal
